// !$*UTF8*$!
{
	archiveVersion = 1;
	classes = {
	};
	objectVersion = 46;
	objects = {

/* Begin PBXBuildFile section */
		B2587E4F1579E740009D7B44 /* Foundation.framework in Frameworks */ = {isa = PBXBuildFile; fileRef = B2587E4E1579E740009D7B44 /* Foundation.framework */; };
		B2587F6A1579E7D9009D7B44 /* CFNetwork.framework in Frameworks */ = {isa = PBXBuildFile; fileRef = B2587F691579E7D9009D7B44 /* CFNetwork.framework */; };
		B2587F711579E8AC009D7B44 /* BLYClient.h in Headers */ = {isa = PBXBuildFile; fileRef = B2587F6F1579E8AC009D7B44 /* BLYClient.h */; };
		B2587F721579E8AC009D7B44 /* BLYClient.m in Sources */ = {isa = PBXBuildFile; fileRef = B2587F701579E8AC009D7B44 /* BLYClient.m */; };
		B2587F751579E8B4009D7B44 /* BLYChannel.h in Headers */ = {isa = PBXBuildFile; fileRef = B2587F731579E8B4009D7B44 /* BLYChannel.h */; };
		B2587F761579E8B4009D7B44 /* BLYChannel.m in Sources */ = {isa = PBXBuildFile; fileRef = B2587F741579E8B4009D7B44 /* BLYChannel.m */; };
		B2587F781579EC64009D7B44 /* libSocketRocket.a in Frameworks */ = {isa = PBXBuildFile; fileRef = B2587F601579E798009D7B44 /* libSocketRocket.a */; };
		B2FB4875158AF9B20067FB00 /* Cocoa.framework in Frameworks */ = {isa = PBXBuildFile; fileRef = B2FB4874158AF9B20067FB00 /* Cocoa.framework */; };
		B2FB488D158AFA170067FB00 /* Bully.h in Headers */ = {isa = PBXBuildFile; fileRef = B2587F6E1579E842009D7B44 /* Bully.h */; settings = {ATTRIBUTES = (Public, ); }; };
		B2FB488E158AFA1F0067FB00 /* BLYClient.h in Headers */ = {isa = PBXBuildFile; fileRef = B2587F6F1579E8AC009D7B44 /* BLYClient.h */; settings = {ATTRIBUTES = (Public, ); }; };
		B2FB488F158AFA1F0067FB00 /* BLYClient.m in Sources */ = {isa = PBXBuildFile; fileRef = B2587F701579E8AC009D7B44 /* BLYClient.m */; };
		B2FB4890158AFA1F0067FB00 /* BLYChannel.h in Headers */ = {isa = PBXBuildFile; fileRef = B2587F731579E8B4009D7B44 /* BLYChannel.h */; settings = {ATTRIBUTES = (Public, ); }; };
		B2FB4891158AFA1F0067FB00 /* BLYChannel.m in Sources */ = {isa = PBXBuildFile; fileRef = B2587F741579E8B4009D7B44 /* BLYChannel.m */; };
		B2FB4892158AFA1F0067FB00 /* BLYClientPrivate.h in Headers */ = {isa = PBXBuildFile; fileRef = B28D33DB157A921200769AD0 /* BLYClientPrivate.h */; };
		B2FB4893158AFA1F0067FB00 /* BLYChannelPrivate.h in Headers */ = {isa = PBXBuildFile; fileRef = B2587F79157A852C009D7B44 /* BLYChannelPrivate.h */; };
		B2FB4894158AFA230067FB00 /* Bully.h in Headers */ = {isa = PBXBuildFile; fileRef = B2587F6E1579E842009D7B44 /* Bully.h */; };
		B2FB4895158AFA230067FB00 /* BLYClientPrivate.h in Headers */ = {isa = PBXBuildFile; fileRef = B28D33DB157A921200769AD0 /* BLYClientPrivate.h */; };
		B2FB4896158AFA230067FB00 /* BLYChannelPrivate.h in Headers */ = {isa = PBXBuildFile; fileRef = B2587F79157A852C009D7B44 /* BLYChannelPrivate.h */; };
		B2FB4899158AFA3D0067FB00 /* SocketRocket.framework in Frameworks */ = {isa = PBXBuildFile; fileRef = B2587F621579E798009D7B44 /* SocketRocket.framework */; };
/* End PBXBuildFile section */

/* Begin PBXContainerItemProxy section */
		B2587F5F1579E798009D7B44 /* PBXContainerItemProxy */ = {
			isa = PBXContainerItemProxy;
			containerPortal = B2587F0D1579E798009D7B44 /* SocketRocket.xcodeproj */;
			proxyType = 2;
			remoteGlobalIDString = F6B2082D1450F597009315AF;
			remoteInfo = SocketRocket;
		};
		B2587F611579E798009D7B44 /* PBXContainerItemProxy */ = {
			isa = PBXContainerItemProxy;
			containerPortal = B2587F0D1579E798009D7B44 /* SocketRocket.xcodeproj */;
			proxyType = 2;
			remoteGlobalIDString = F668C880153E91210044DBAC;
			remoteInfo = SocketRocketOSX;
		};
		B2587F631579E798009D7B44 /* PBXContainerItemProxy */ = {
			isa = PBXContainerItemProxy;
			containerPortal = B2587F0D1579E798009D7B44 /* SocketRocket.xcodeproj */;
			proxyType = 2;
			remoteGlobalIDString = F6BDA802145900D200FE3253;
			remoteInfo = SRWebSocketTests;
		};
		B2587F651579E798009D7B44 /* PBXContainerItemProxy */ = {
			isa = PBXContainerItemProxy;
			containerPortal = B2587F0D1579E798009D7B44 /* SocketRocket.xcodeproj */;
			proxyType = 2;
			remoteGlobalIDString = F62417E314D52F3C003CE997;
			remoteInfo = TestChat;
		};
		B2587F671579E7A9009D7B44 /* PBXContainerItemProxy */ = {
			isa = PBXContainerItemProxy;
			containerPortal = B2587F0D1579E798009D7B44 /* SocketRocket.xcodeproj */;
			proxyType = 1;
			remoteGlobalIDString = F6B2082C1450F597009315AF;
			remoteInfo = SocketRocket;
		};
		B2FB4897158AFA380067FB00 /* PBXContainerItemProxy */ = {
			isa = PBXContainerItemProxy;
			containerPortal = B2587F0D1579E798009D7B44 /* SocketRocket.xcodeproj */;
			proxyType = 1;
			remoteGlobalIDString = F668C87F153E91210044DBAC;
			remoteInfo = SocketRocketOSX;
		};
/* End PBXContainerItemProxy section */

/* Begin PBXFileReference section */
		B2587E4B1579E740009D7B44 /* libBully.a */ = {isa = PBXFileReference; explicitFileType = archive.ar; includeInIndex = 0; path = libBully.a; sourceTree = BUILT_PRODUCTS_DIR; };
		B2587E4E1579E740009D7B44 /* Foundation.framework */ = {isa = PBXFileReference; lastKnownFileType = wrapper.framework; name = Foundation.framework; path = System/Library/Frameworks/Foundation.framework; sourceTree = SDKROOT; };
		B2587F0D1579E798009D7B44 /* SocketRocket.xcodeproj */ = {isa = PBXFileReference; lastKnownFileType = "wrapper.pb-project"; path = SocketRocket.xcodeproj; sourceTree = "<group>"; };
		B2587F691579E7D9009D7B44 /* CFNetwork.framework */ = {isa = PBXFileReference; lastKnownFileType = wrapper.framework; name = CFNetwork.framework; path = System/Library/Frameworks/CFNetwork.framework; sourceTree = SDKROOT; };
		B2587F6E1579E842009D7B44 /* Bully.h */ = {isa = PBXFileReference; lastKnownFileType = sourcecode.c.h; path = Bully.h; sourceTree = "<group>"; };
		B2587F6F1579E8AC009D7B44 /* BLYClient.h */ = {isa = PBXFileReference; fileEncoding = 4; lastKnownFileType = sourcecode.c.h; path = BLYClient.h; sourceTree = "<group>"; };
		B2587F701579E8AC009D7B44 /* BLYClient.m */ = {isa = PBXFileReference; fileEncoding = 4; lastKnownFileType = sourcecode.c.objc; path = BLYClient.m; sourceTree = "<group>"; };
		B2587F731579E8B4009D7B44 /* BLYChannel.h */ = {isa = PBXFileReference; fileEncoding = 4; lastKnownFileType = sourcecode.c.h; path = BLYChannel.h; sourceTree = "<group>"; };
		B2587F741579E8B4009D7B44 /* BLYChannel.m */ = {isa = PBXFileReference; fileEncoding = 4; lastKnownFileType = sourcecode.c.objc; path = BLYChannel.m; sourceTree = "<group>"; };
		B2587F79157A852C009D7B44 /* BLYChannelPrivate.h */ = {isa = PBXFileReference; lastKnownFileType = sourcecode.c.h; path = BLYChannelPrivate.h; sourceTree = "<group>"; };
		B28D33DB157A921200769AD0 /* BLYClientPrivate.h */ = {isa = PBXFileReference; lastKnownFileType = sourcecode.c.h; path = BLYClientPrivate.h; sourceTree = "<group>"; };
		B2FB4873158AF9B20067FB00 /* Bully.framework */ = {isa = PBXFileReference; explicitFileType = wrapper.framework; includeInIndex = 0; path = Bully.framework; sourceTree = BUILT_PRODUCTS_DIR; };
		B2FB4874158AF9B20067FB00 /* Cocoa.framework */ = {isa = PBXFileReference; lastKnownFileType = wrapper.framework; name = Cocoa.framework; path = Library/Frameworks/Cocoa.framework; sourceTree = DEVELOPER_DIR; };
		B2FB4877158AF9B20067FB00 /* AppKit.framework */ = {isa = PBXFileReference; lastKnownFileType = wrapper.framework; name = AppKit.framework; path = Library/Frameworks/AppKit.framework; sourceTree = SDKROOT; };
		B2FB4878158AF9B20067FB00 /* CoreData.framework */ = {isa = PBXFileReference; lastKnownFileType = wrapper.framework; name = CoreData.framework; path = Library/Frameworks/CoreData.framework; sourceTree = SDKROOT; };
		B2FB4879158AF9B20067FB00 /* Foundation.framework */ = {isa = PBXFileReference; lastKnownFileType = wrapper.framework; name = Foundation.framework; path = Library/Frameworks/Foundation.framework; sourceTree = SDKROOT; };
		B2FB488C158AF9F80067FB00 /* Bully-Info.plist */ = {isa = PBXFileReference; fileEncoding = 4; lastKnownFileType = text.plist.xml; path = "Bully-Info.plist"; sourceTree = "<group>"; };
/* End PBXFileReference section */

/* Begin PBXFrameworksBuildPhase section */
		B2587E481579E740009D7B44 /* Frameworks */ = {
			isa = PBXFrameworksBuildPhase;
			buildActionMask = 2147483647;
			files = (
				B2587F781579EC64009D7B44 /* libSocketRocket.a in Frameworks */,
				B2587F6A1579E7D9009D7B44 /* CFNetwork.framework in Frameworks */,
				B2587E4F1579E740009D7B44 /* Foundation.framework in Frameworks */,
			);
			runOnlyForDeploymentPostprocessing = 0;
		};
		B2FB486F158AF9B20067FB00 /* Frameworks */ = {
			isa = PBXFrameworksBuildPhase;
			buildActionMask = 2147483647;
			files = (
				B2FB4899158AFA3D0067FB00 /* SocketRocket.framework in Frameworks */,
				B2FB4875158AF9B20067FB00 /* Cocoa.framework in Frameworks */,
			);
			runOnlyForDeploymentPostprocessing = 0;
		};
/* End PBXFrameworksBuildPhase section */

/* Begin PBXGroup section */
		B2587E401579E740009D7B44 = {
			isa = PBXGroup;
			children = (
				B2587F6D1579E837009D7B44 /* Bully */,
				B2FB488B158AF9F80067FB00 /* Resources */,
				B2587EF81579E798009D7B44 /* Vendor */,
				B2587E4D1579E740009D7B44 /* Frameworks */,
				B2587E4C1579E740009D7B44 /* Products */,
			);
			sourceTree = "<group>";
		};
		B2587E4C1579E740009D7B44 /* Products */ = {
			isa = PBXGroup;
			children = (
				B2587E4B1579E740009D7B44 /* libBully.a */,
				B2FB4873158AF9B20067FB00 /* Bully.framework */,
			);
			name = Products;
			sourceTree = "<group>";
		};
		B2587E4D1579E740009D7B44 /* Frameworks */ = {
			isa = PBXGroup;
			children = (
				B2587F691579E7D9009D7B44 /* CFNetwork.framework */,
				B2587E4E1579E740009D7B44 /* Foundation.framework */,
				B2FB4874158AF9B20067FB00 /* Cocoa.framework */,
				B2FB4876158AF9B20067FB00 /* Other Frameworks */,
			);
			name = Frameworks;
			sourceTree = "<group>";
		};
		B2587EF81579E798009D7B44 /* Vendor */ = {
			isa = PBXGroup;
			children = (
				B2587EF91579E798009D7B44 /* SocketRocket */,
			);
			path = Vendor;
			sourceTree = "<group>";
		};
		B2587EF91579E798009D7B44 /* SocketRocket */ = {
			isa = PBXGroup;
			children = (
				B2587F0D1579E798009D7B44 /* SocketRocket.xcodeproj */,
			);
			path = SocketRocket;
			sourceTree = "<group>";
		};
		B2587F0E1579E798009D7B44 /* Products */ = {
			isa = PBXGroup;
			children = (
				B2587F601579E798009D7B44 /* libSocketRocket.a */,
				B2587F621579E798009D7B44 /* SocketRocket.framework */,
				B2587F641579E798009D7B44 /* SRWebSocketTests.octest */,
				B2587F661579E798009D7B44 /* TestChat.app */,
			);
			name = Products;
			sourceTree = "<group>";
		};
		B2587F6D1579E837009D7B44 /* Bully */ = {
			isa = PBXGroup;
			children = (
				B2587F6E1579E842009D7B44 /* Bully.h */,
				B2587F6F1579E8AC009D7B44 /* BLYClient.h */,
				B2587F701579E8AC009D7B44 /* BLYClient.m */,
				B2587F731579E8B4009D7B44 /* BLYChannel.h */,
				B2587F741579E8B4009D7B44 /* BLYChannel.m */,
				B28D33DB157A921200769AD0 /* BLYClientPrivate.h */,
				B2587F79157A852C009D7B44 /* BLYChannelPrivate.h */,
			);
			path = Bully;
			sourceTree = "<group>";
		};
		B2FB4876158AF9B20067FB00 /* Other Frameworks */ = {
			isa = PBXGroup;
			children = (
				B2FB4877158AF9B20067FB00 /* AppKit.framework */,
				B2FB4878158AF9B20067FB00 /* CoreData.framework */,
				B2FB4879158AF9B20067FB00 /* Foundation.framework */,
			);
			name = "Other Frameworks";
			sourceTree = "<group>";
		};
		B2FB488B158AF9F80067FB00 /* Resources */ = {
			isa = PBXGroup;
			children = (
				B2FB488C158AF9F80067FB00 /* Bully-Info.plist */,
			);
			path = Resources;
			sourceTree = "<group>";
		};
/* End PBXGroup section */

/* Begin PBXHeadersBuildPhase section */
		B2587E491579E740009D7B44 /* Headers */ = {
			isa = PBXHeadersBuildPhase;
			buildActionMask = 2147483647;
			files = (
				B2587F711579E8AC009D7B44 /* BLYClient.h in Headers */,
				B2587F751579E8B4009D7B44 /* BLYChannel.h in Headers */,
				B2FB4894158AFA230067FB00 /* Bully.h in Headers */,
				B2FB4895158AFA230067FB00 /* BLYClientPrivate.h in Headers */,
				B2FB4896158AFA230067FB00 /* BLYChannelPrivate.h in Headers */,
			);
			runOnlyForDeploymentPostprocessing = 0;
		};
		B2FB4870158AF9B20067FB00 /* Headers */ = {
			isa = PBXHeadersBuildPhase;
			buildActionMask = 2147483647;
			files = (
				B2FB488D158AFA170067FB00 /* Bully.h in Headers */,
				B2FB488E158AFA1F0067FB00 /* BLYClient.h in Headers */,
				B2FB4890158AFA1F0067FB00 /* BLYChannel.h in Headers */,
				B2FB4892158AFA1F0067FB00 /* BLYClientPrivate.h in Headers */,
				B2FB4893158AFA1F0067FB00 /* BLYChannelPrivate.h in Headers */,
			);
			runOnlyForDeploymentPostprocessing = 0;
		};
/* End PBXHeadersBuildPhase section */

/* Begin PBXNativeTarget section */
		B2587E4A1579E740009D7B44 /* Bully */ = {
			isa = PBXNativeTarget;
			buildConfigurationList = B2587E581579E740009D7B44 /* Build configuration list for PBXNativeTarget "Bully" */;
			buildPhases = (
				B2587E471579E740009D7B44 /* Sources */,
				B2587E481579E740009D7B44 /* Frameworks */,
				B2587E491579E740009D7B44 /* Headers */,
			);
			buildRules = (
			);
			dependencies = (
				B2587F681579E7A9009D7B44 /* PBXTargetDependency */,
			);
			name = Bully;
			productName = Bully;
			productReference = B2587E4B1579E740009D7B44 /* libBully.a */;
			productType = "com.apple.product-type.library.static";
		};
		B2FB4872158AF9B20067FB00 /* BullyMac */ = {
			isa = PBXNativeTarget;
			buildConfigurationList = B2FB4887158AF9B20067FB00 /* Build configuration list for PBXNativeTarget "BullyMac" */;
			buildPhases = (
				B2FB486E158AF9B20067FB00 /* Sources */,
				B2FB486F158AF9B20067FB00 /* Frameworks */,
				B2FB4870158AF9B20067FB00 /* Headers */,
				B2FB4871158AF9B20067FB00 /* Resources */,
			);
			buildRules = (
			);
			dependencies = (
				B2FB4898158AFA380067FB00 /* PBXTargetDependency */,
			);
			name = BullyMac;
			productName = BullyMac;
			productReference = B2FB4873158AF9B20067FB00 /* Bully.framework */;
			productType = "com.apple.product-type.framework";
		};
/* End PBXNativeTarget section */

/* Begin PBXProject section */
		B2587E421579E740009D7B44 /* Project object */ = {
			isa = PBXProject;
			attributes = {
				LastUpgradeCheck = 0450;
				ORGANIZATIONNAME = "Sam Soffes";
			};
			buildConfigurationList = B2587E451579E740009D7B44 /* Build configuration list for PBXProject "Bully" */;
			compatibilityVersion = "Xcode 3.2";
			developmentRegion = English;
			hasScannedForEncodings = 0;
			knownRegions = (
				en,
			);
			mainGroup = B2587E401579E740009D7B44;
			productRefGroup = B2587E4C1579E740009D7B44 /* Products */;
			projectDirPath = "";
			projectReferences = (
				{
					ProductGroup = B2587F0E1579E798009D7B44 /* Products */;
					ProjectRef = B2587F0D1579E798009D7B44 /* SocketRocket.xcodeproj */;
				},
			);
			projectRoot = "";
			targets = (
				B2587E4A1579E740009D7B44 /* Bully */,
				B2FB4872158AF9B20067FB00 /* BullyMac */,
			);
		};
/* End PBXProject section */

/* Begin PBXReferenceProxy section */
		B2587F601579E798009D7B44 /* libSocketRocket.a */ = {
			isa = PBXReferenceProxy;
			fileType = archive.ar;
			path = libSocketRocket.a;
			remoteRef = B2587F5F1579E798009D7B44 /* PBXContainerItemProxy */;
			sourceTree = BUILT_PRODUCTS_DIR;
		};
		B2587F621579E798009D7B44 /* SocketRocket.framework */ = {
			isa = PBXReferenceProxy;
			fileType = wrapper.framework;
			path = SocketRocket.framework;
			remoteRef = B2587F611579E798009D7B44 /* PBXContainerItemProxy */;
			sourceTree = BUILT_PRODUCTS_DIR;
		};
		B2587F641579E798009D7B44 /* SRWebSocketTests.octest */ = {
			isa = PBXReferenceProxy;
			fileType = wrapper.cfbundle;
			path = SRWebSocketTests.octest;
			remoteRef = B2587F631579E798009D7B44 /* PBXContainerItemProxy */;
			sourceTree = BUILT_PRODUCTS_DIR;
		};
		B2587F661579E798009D7B44 /* TestChat.app */ = {
			isa = PBXReferenceProxy;
			fileType = wrapper.application;
			path = TestChat.app;
			remoteRef = B2587F651579E798009D7B44 /* PBXContainerItemProxy */;
			sourceTree = BUILT_PRODUCTS_DIR;
		};
/* End PBXReferenceProxy section */

/* Begin PBXResourcesBuildPhase section */
		B2FB4871158AF9B20067FB00 /* Resources */ = {
			isa = PBXResourcesBuildPhase;
			buildActionMask = 2147483647;
			files = (
			);
			runOnlyForDeploymentPostprocessing = 0;
		};
/* End PBXResourcesBuildPhase section */

/* Begin PBXSourcesBuildPhase section */
		B2587E471579E740009D7B44 /* Sources */ = {
			isa = PBXSourcesBuildPhase;
			buildActionMask = 2147483647;
			files = (
				B2587F721579E8AC009D7B44 /* BLYClient.m in Sources */,
				B2587F761579E8B4009D7B44 /* BLYChannel.m in Sources */,
			);
			runOnlyForDeploymentPostprocessing = 0;
		};
		B2FB486E158AF9B20067FB00 /* Sources */ = {
			isa = PBXSourcesBuildPhase;
			buildActionMask = 2147483647;
			files = (
				B2FB488F158AFA1F0067FB00 /* BLYClient.m in Sources */,
				B2FB4891158AFA1F0067FB00 /* BLYChannel.m in Sources */,
			);
			runOnlyForDeploymentPostprocessing = 0;
		};
/* End PBXSourcesBuildPhase section */

/* Begin PBXTargetDependency section */
		B2587F681579E7A9009D7B44 /* PBXTargetDependency */ = {
			isa = PBXTargetDependency;
			name = SocketRocket;
			targetProxy = B2587F671579E7A9009D7B44 /* PBXContainerItemProxy */;
		};
		B2FB4898158AFA380067FB00 /* PBXTargetDependency */ = {
			isa = PBXTargetDependency;
			name = SocketRocketOSX;
			targetProxy = B2FB4897158AFA380067FB00 /* PBXContainerItemProxy */;
		};
/* End PBXTargetDependency section */

/* Begin XCBuildConfiguration section */
		B2587E561579E740009D7B44 /* Debug */ = {
			isa = XCBuildConfiguration;
			buildSettings = {
				ALWAYS_SEARCH_USER_PATHS = NO;
				ARCHS = "$(ARCHS_STANDARD_32_BIT)";
				CLANG_CXX_LANGUAGE_STANDARD = "gnu++0x";
				CLANG_ENABLE_OBJC_ARC = YES;
				CLANG_WARN__DUPLICATE_METHOD_MATCH = YES;
				COMBINE_HIDPI_IMAGES = YES;
				COPY_PHASE_STRIP = NO;
				GCC_C_LANGUAGE_STANDARD = gnu99;
				GCC_DYNAMIC_NO_PIC = NO;
				GCC_OPTIMIZATION_LEVEL = 0;
				GCC_PREPROCESSOR_DEFINITIONS = (
					"DEBUG=1",
					"$(inherited)",
				);
				GCC_SYMBOLS_PRIVATE_EXTERN = NO;
				GCC_VERSION = com.apple.compilers.llvm.clang.1_0;
				GCC_WARN_ABOUT_RETURN_TYPE = YES;
				GCC_WARN_UNINITIALIZED_AUTOS = YES;
				GCC_WARN_UNUSED_VARIABLE = YES;
				IPHONEOS_DEPLOYMENT_TARGET = 5.1;
				SDKROOT = iphoneos;
			};
			name = Debug;
		};
		B2587E571579E740009D7B44 /* Release */ = {
			isa = XCBuildConfiguration;
			buildSettings = {
				ALWAYS_SEARCH_USER_PATHS = NO;
				ARCHS = "$(ARCHS_STANDARD_32_BIT)";
				CLANG_CXX_LANGUAGE_STANDARD = "gnu++0x";
				CLANG_ENABLE_OBJC_ARC = YES;
				CLANG_WARN__DUPLICATE_METHOD_MATCH = YES;
				COMBINE_HIDPI_IMAGES = YES;
				COPY_PHASE_STRIP = YES;
				GCC_C_LANGUAGE_STANDARD = gnu99;
				GCC_VERSION = com.apple.compilers.llvm.clang.1_0;
				GCC_WARN_ABOUT_RETURN_TYPE = YES;
				GCC_WARN_UNINITIALIZED_AUTOS = YES;
				GCC_WARN_UNUSED_VARIABLE = YES;
				IPHONEOS_DEPLOYMENT_TARGET = 5.1;
				SDKROOT = iphoneos;
				VALIDATE_PRODUCT = YES;
			};
			name = Release;
		};
		B2587E591579E740009D7B44 /* Debug */ = {
			isa = XCBuildConfiguration;
			buildSettings = {
				DSTROOT = /tmp/Bully.dst;
				HEADER_SEARCH_PATHS = "\"$(SRCROOT)/Vendor/SocketRocket/\"";
				OTHER_LDFLAGS = "-ObjC";
				PRODUCT_NAME = "$(TARGET_NAME)";
				SKIP_INSTALL = YES;
			};
			name = Debug;
		};
		B2587E5A1579E740009D7B44 /* Release */ = {
			isa = XCBuildConfiguration;
			buildSettings = {
				DSTROOT = /tmp/Bully.dst;
				HEADER_SEARCH_PATHS = "\"$(SRCROOT)/Vendor/SocketRocket/\"";
				OTHER_LDFLAGS = "-ObjC";
				PRODUCT_NAME = "$(TARGET_NAME)";
				SKIP_INSTALL = YES;
			};
			name = Release;
		};
		B2FB4888158AF9B20067FB00 /* Debug */ = {
			isa = XCBuildConfiguration;
			buildSettings = {
				ARCHS = "$(ARCHS_STANDARD_64_BIT)";
				DYLIB_COMPATIBILITY_VERSION = 1;
				DYLIB_CURRENT_VERSION = 1;
				FRAMEWORK_SEARCH_PATHS = (
					"$(inherited)",
					"\"$(SYSTEM_APPS_DIR)/Xcode45-DP1.app/Contents/Developer/Library/Frameworks\"",
				);
				FRAMEWORK_VERSION = A;
				GCC_ENABLE_OBJC_EXCEPTIONS = YES;
				GCC_WARN_64_TO_32_BIT_CONVERSION = YES;
				INFOPLIST_FILE = "Resources/Bully-Info.plist";
				INSTALL_PATH = "@executable_path/../Frameworks";
				MACOSX_DEPLOYMENT_TARGET = 10.7;
				ONLY_ACTIVE_ARCH = YES;
				PRODUCT_NAME = Bully;
				SDKROOT = macosx;
				WRAPPER_EXTENSION = framework;
			};
			name = Debug;
		};
		B2FB4889158AF9B20067FB00 /* Release */ = {
			isa = XCBuildConfiguration;
			buildSettings = {
				ARCHS = "$(ARCHS_STANDARD_64_BIT)";
				DEBUG_INFORMATION_FORMAT = "dwarf-with-dsym";
				DYLIB_COMPATIBILITY_VERSION = 1;
				DYLIB_CURRENT_VERSION = 1;
				FRAMEWORK_SEARCH_PATHS = (
					"$(inherited)",
					"\"$(SYSTEM_APPS_DIR)/Xcode45-DP1.app/Contents/Developer/Library/Frameworks\"",
				);
				FRAMEWORK_VERSION = A;
				GCC_ENABLE_OBJC_EXCEPTIONS = YES;
				GCC_WARN_64_TO_32_BIT_CONVERSION = YES;
				INFOPLIST_FILE = "Resources/Bully-Info.plist";
				INSTALL_PATH = "@executable_path/../Frameworks";
				MACOSX_DEPLOYMENT_TARGET = 10.7;
				PRODUCT_NAME = Bully;
				SDKROOT = macosx;
				WRAPPER_EXTENSION = framework;
			};
			name = Release;
		};
/* End XCBuildConfiguration section */

/* Begin XCConfigurationList section */
		B2587E451579E740009D7B44 /* Build configuration list for PBXProject "Bully" */ = {
			isa = XCConfigurationList;
			buildConfigurations = (
				B2587E561579E740009D7B44 /* Debug */,
				B2587E571579E740009D7B44 /* Release */,
			);
			defaultConfigurationIsVisible = 0;
			defaultConfigurationName = Release;
		};
		B2587E581579E740009D7B44 /* Build configuration list for PBXNativeTarget "Bully" */ = {
			isa = XCConfigurationList;
			buildConfigurations = (
				B2587E591579E740009D7B44 /* Debug */,
				B2587E5A1579E740009D7B44 /* Release */,
			);
			defaultConfigurationIsVisible = 0;
			defaultConfigurationName = Release;
		};
		B2FB4887158AF9B20067FB00 /* Build configuration list for PBXNativeTarget "BullyMac" */ = {
			isa = XCConfigurationList;
			buildConfigurations = (
				B2FB4888158AF9B20067FB00 /* Debug */,
				B2FB4889158AF9B20067FB00 /* Release */,
			);
			defaultConfigurationIsVisible = 0;
			defaultConfigurationName = Release;
		};
/* End XCConfigurationList section */
	};
	rootObject = B2587E421579E740009D7B44 /* Project object */;
}
